{
  "name": "jellyfish-app",
  "version": "0.1.0",
  "lockfileVersion": 1,
  "requires": true,
  "dependencies": {
    "@babel/helper-module-imports": {
      "version": "7.0.0-beta.46",
      "resolved": "https://registry.npmjs.org/@babel/helper-module-imports/-/helper-module-imports-7.0.0-beta.46.tgz",
      "integrity": "sha512-xjgpwrqHiKCZgAcqsNIpZ9kOCC5Ty/VYN1H07v21HbAf/dl0/HeUA0taz3EFv6/7lRgS3qThawTSG0POJQX9vQ==",
      "dev": true,
      "requires": {
        "@babel/types": "7.0.0-beta.46",
        "lodash": "4.17.10"
      }
    },
    "@babel/types": {
      "version": "7.0.0-beta.46",
      "resolved": "https://registry.npmjs.org/@babel/types/-/types-7.0.0-beta.46.tgz",
      "integrity": "sha512-uA5aruF2KKsJxToWdDpftsrPOIQtoGrGno2hiaeO9JRvfT9xZdK11nPoC+/RF9emNzmNbWn4HCRdCY+McT5Nbw==",
      "dev": true,
      "requires": {
        "esutils": "2.0.2",
        "lodash": "4.17.10",
        "to-fast-properties": "2.0.0"
      }
    },
    "add-dom-event-listener": {
      "version": "1.0.2",
      "resolved": "https://registry.npmjs.org/add-dom-event-listener/-/add-dom-event-listener-1.0.2.tgz",
      "integrity": "sha1-j67SxBAIchzxEdodMNmVuFvkK+0=",
      "requires": {
        "object-assign": "4.1.1"
      }
    },
    "antd-mobile": {
      "version": "2.1.8",
      "resolved": "https://registry.npmjs.org/antd-mobile/-/antd-mobile-2.1.8.tgz",
      "integrity": "sha512-KJNNAT5i99+OIWu/1iWCuOxf7HNJAhG4+v01UPuIZJFt4rDnQ7HYS0AcVI6aK7DcEjPtJjB0uiQHgNMwki4XjQ==",
      "requires": {
        "array-tree-filter": "2.1.0",
        "babel-runtime": "6.26.0",
        "classnames": "2.2.5",
        "normalize.css": "7.0.0",
        "rc-checkbox": "2.0.3",
        "rc-collapse": "1.7.7",
        "rc-drawer": "0.4.11",
        "rc-slider": "8.2.0",
        "rc-swipeout": "2.0.4",
        "react-native-camera-roll-picker": "1.2.3",
        "react-native-collapsible": "0.9.0",
        "react-native-drawer-layout": "1.3.2",
        "react-native-menu": "0.23.0",
        "rmc-calendar": "1.1.3",
        "rmc-cascader": "5.0.0",
        "rmc-date-picker": "6.0.6",
        "rmc-dialog": "1.0.6",
        "rmc-feedback": "1.0.4",
        "rmc-input-number": "1.0.4",
        "rmc-list-view": "0.11.5",
        "rmc-notification": "1.0.0",
        "rmc-nuka-carousel": "3.0.1",
        "rmc-picker": "5.0.4",
        "rmc-pull-to-refresh": "1.0.7",
        "rmc-steps": "1.0.0",
        "rmc-tabs": "1.2.25",
        "rmc-tooltip": "1.0.1",
        "rn-topview": "0.1.6"
      }
    },
    "array-tree-filter": {
      "version": "2.1.0",
      "resolved": "https://registry.npmjs.org/array-tree-filter/-/array-tree-filter-2.1.0.tgz",
      "integrity": "sha512-4ROwICNlNw/Hqa9v+rk5h22KjmzB1JGTMVKP2AKJBOCgb0yL0ASf0+YvCcLNNwquOHNX48jkeZIJ3a+oOQqKcw=="
    },
    "asap": {
      "version": "2.0.6",
      "resolved": "https://registry.npmjs.org/asap/-/asap-2.0.6.tgz",
      "integrity": "sha1-5QNHYR1+aQlDIIu9r+vLwvuGbUY="
    },
    "babel-plugin-import": {
      "version": "1.7.0",
      "resolved": "https://registry.npmjs.org/babel-plugin-import/-/babel-plugin-import-1.7.0.tgz",
      "integrity": "sha512-iWcbukNK4R45Ot4zv3zi4RvNypNuY+9OuUEeGNAneKbgmImNWgjS2QlLV+CtrcQDG7e0jcPTcrmfxTZ89kaxTA==",
      "dev": true,
      "requires": {
        "@babel/helper-module-imports": "7.0.0-beta.46"
      }
    },
    "babel-runtime": {
      "version": "6.26.0",
      "resolved": "https://registry.npmjs.org/babel-runtime/-/babel-runtime-6.26.0.tgz",
      "integrity": "sha1-llxwWGaOgrVde/4E/yM3vItWR/4=",
      "requires": {
        "core-js": "2.5.5",
        "regenerator-runtime": "0.11.1"
      }
    },
    "classnames": {
      "version": "2.2.5",
      "resolved": "https://registry.npmjs.org/classnames/-/classnames-2.2.5.tgz",
      "integrity": "sha1-+zgB1FNGdknvNgPH1hoCvRKb3m0="
    },
    "component-classes": {
      "version": "1.2.6",
      "resolved": "https://registry.npmjs.org/component-classes/-/component-classes-1.2.6.tgz",
      "integrity": "sha1-xkI5TDYYpNiwuJGe/Mu9kw5c1pE=",
      "requires": {
        "component-indexof": "0.0.3"
      }
    },
    "component-indexof": {
      "version": "0.0.3",
      "resolved": "https://registry.npmjs.org/component-indexof/-/component-indexof-0.0.3.tgz",
      "integrity": "sha1-EdCRMSI5648yyPJa6csAL/6NPCQ="
    },
    "core-js": {
      "version": "2.5.5",
      "resolved": "https://registry.npmjs.org/core-js/-/core-js-2.5.5.tgz",
      "integrity": "sha1-sU3ek2xkDAV5prUMq8wTLdYSfjs="
    },
    "create-react-class": {
      "version": "15.6.3",
      "resolved": "https://registry.npmjs.org/create-react-class/-/create-react-class-15.6.3.tgz",
      "integrity": "sha512-M+/3Q6E6DLO6Yx3OwrWjwHBnvfXXYA7W+dFjt/ZDBemHO1DDZhsalX/NUtnTYclN6GfnBDRh4qRHjcDHmlJBJg==",
      "requires": {
        "fbjs": "0.8.16",
        "loose-envify": "1.3.1",
        "object-assign": "4.1.1"
      }
    },
    "css-animation": {
      "version": "1.4.1",
      "resolved": "https://registry.npmjs.org/css-animation/-/css-animation-1.4.1.tgz",
      "integrity": "sha1-W4gTEl3g+7uwu+G0cq6EIhRpt6g=",
      "requires": {
        "babel-runtime": "6.26.0",
        "component-classes": "1.2.6"
      }
    },
    "dom-align": {
      "version": "1.6.7",
      "resolved": "https://registry.npmjs.org/dom-align/-/dom-align-1.6.7.tgz",
      "integrity": "sha512-FrHttKVCqdHaDyVjygY+8kRhcNOJEdvAkc2ltppJUz71ekgpzIOuLgsOIKVqzdETI2EocmW2DzF+uP365qcR5Q=="
    },
    "encoding": {
      "version": "0.1.12",
      "resolved": "https://registry.npmjs.org/encoding/-/encoding-0.1.12.tgz",
      "integrity": "sha1-U4tm8+5izRq1HsMjgp0flIDHS+s=",
      "requires": {
        "iconv-lite": "0.4.21"
      }
    },
    "esutils": {
      "version": "2.0.2",
      "resolved": "https://registry.npmjs.org/esutils/-/esutils-2.0.2.tgz",
      "integrity": "sha1-Cr9PHKpbyx96nYrMbepPqqBLrJs=",
      "dev": true
    },
    "exenv": {
      "version": "1.2.2",
      "resolved": "https://registry.npmjs.org/exenv/-/exenv-1.2.2.tgz",
      "integrity": "sha1-KueOhdmJQVhnCwPUe+wfA72Ru50="
    },
    "fbjs": {
      "version": "0.8.16",
      "resolved": "https://registry.npmjs.org/fbjs/-/fbjs-0.8.16.tgz",
      "integrity": "sha1-XmdDL1UNxBtXK/VYR7ispk5TN9s=",
      "requires": {
        "core-js": "1.2.7",
        "isomorphic-fetch": "2.2.1",
        "loose-envify": "1.3.1",
        "object-assign": "4.1.1",
        "promise": "7.3.1",
        "setimmediate": "1.0.5",
        "ua-parser-js": "0.7.17"
      },
      "dependencies": {
        "core-js": {
          "version": "1.2.7",
          "resolved": "https://registry.npmjs.org/core-js/-/core-js-1.2.7.tgz",
          "integrity": "sha1-ZSKUwUZR2yj6k70tX/KYOk8IxjY="
        }
      }
    },
    "iconv-lite": {
      "version": "0.4.21",
      "resolved": "https://registry.npmjs.org/iconv-lite/-/iconv-lite-0.4.21.tgz",
      "integrity": "sha512-En5V9za5mBt2oUA03WGD3TwDv0MKAruqsuxstbMUZaj9W9k/m1CV/9py3l0L5kw9Bln8fdHQmzHSYtvpvTLpKw==",
      "requires": {
        "safer-buffer": "2.1.2"
      }
    },
    "is-stream": {
      "version": "1.1.0",
      "resolved": "https://registry.npmjs.org/is-stream/-/is-stream-1.1.0.tgz",
      "integrity": "sha1-EtSj3U5o4Lec6428hBc66A2RykQ="
    },
    "isomorphic-fetch": {
      "version": "2.2.1",
      "resolved": "https://registry.npmjs.org/isomorphic-fetch/-/isomorphic-fetch-2.2.1.tgz",
      "integrity": "sha1-YRrhrPFPXoH3KVB0coGf6XM1WKk=",
      "requires": {
        "node-fetch": "1.7.3",
        "whatwg-fetch": "2.0.4"
      }
    },
    "js-tokens": {
      "version": "3.0.2",
      "resolved": "https://registry.npmjs.org/js-tokens/-/js-tokens-3.0.2.tgz",
      "integrity": "sha1-mGbfOVECEw449/mWvOtlRDIJwls="
    },
    "lodash": {
      "version": "4.17.10",
      "resolved": "https://registry.npmjs.org/lodash/-/lodash-4.17.10.tgz",
      "integrity": "sha512-UejweD1pDoXu+AD825lWwp4ZGtSwgnpZxb3JDViD7StjQz+Nb/6l093lx4OQ0foGWNRoc19mWy7BzL+UAK2iVg==",
      "dev": true
    },
    "lodash._getnative": {
      "version": "3.9.1",
      "resolved": "https://registry.npmjs.org/lodash._getnative/-/lodash._getnative-3.9.1.tgz",
      "integrity": "sha1-VwvH3t5G1hzc3mh9ZdPuy6o6r/U="
    },
    "lodash.isarguments": {
      "version": "3.1.0",
      "resolved": "https://registry.npmjs.org/lodash.isarguments/-/lodash.isarguments-3.1.0.tgz",
      "integrity": "sha1-L1c9hcaiQon/AGY7SRwdM4/zRYo="
    },
    "lodash.isarray": {
      "version": "3.0.4",
      "resolved": "https://registry.npmjs.org/lodash.isarray/-/lodash.isarray-3.0.4.tgz",
      "integrity": "sha1-eeTriMNqgSKvhvhEqpvNhRtfu1U="
    },
    "lodash.keys": {
      "version": "3.1.2",
      "resolved": "https://registry.npmjs.org/lodash.keys/-/lodash.keys-3.1.2.tgz",
      "integrity": "sha1-TbwEcrFWvlCgsoaFXRvQsMZWCYo=",
      "requires": {
        "lodash._getnative": "3.9.1",
        "lodash.isarguments": "3.1.0",
        "lodash.isarray": "3.0.4"
      }
    },
    "loose-envify": {
      "version": "1.3.1",
      "resolved": "https://registry.npmjs.org/loose-envify/-/loose-envify-1.3.1.tgz",
      "integrity": "sha1-0aitM/qc4OcT1l/dCsi3SNR4yEg=",
      "requires": {
        "js-tokens": "3.0.2"
      }
    },
    "node-fetch": {
      "version": "1.7.3",
      "resolved": "https://registry.npmjs.org/node-fetch/-/node-fetch-1.7.3.tgz",
      "integrity": "sha512-NhZ4CsKx7cYm2vSrBAr2PvFOe6sWDf0UYLRqA6svUYg7+/TSfVAu49jYC4BvQ4Sms9SZgdqGBgroqfDhJdTyKQ==",
      "requires": {
        "encoding": "0.1.12",
        "is-stream": "1.1.0"
      }
    },
    "normalize.css": {
      "version": "7.0.0",
      "resolved": "https://registry.npmjs.org/normalize.css/-/normalize.css-7.0.0.tgz",
      "integrity": "sha1-q/sd2CRwZ04DIrU86xqvQSk45L8="
    },
    "object-assign": {
      "version": "4.1.1",
      "resolved": "https://registry.npmjs.org/object-assign/-/object-assign-4.1.1.tgz",
      "integrity": "sha1-IQmtx5ZYh8/AXLvUQsrIv7s2CGM="
    },
    "performance-now": {
      "version": "2.1.0",
      "resolved": "https://registry.npmjs.org/performance-now/-/performance-now-2.1.0.tgz",
      "integrity": "sha1-Ywn04OX6kT7BxpMHrjZLSzd8nns="
    },
    "promise": {
      "version": "7.3.1",
      "resolved": "https://registry.npmjs.org/promise/-/promise-7.3.1.tgz",
      "integrity": "sha512-nolQXZ/4L+bP/UGlkfaIujX9BKxGwmQ9OT4mOt5yvy8iK1h3wqTEJCijzGANTCCl9nWjY41juyAn2K3Q1hLLTg==",
      "requires": {
        "asap": "2.0.6"
      }
    },
    "prop-types": {
      "version": "15.6.1",
      "resolved": "https://registry.npmjs.org/prop-types/-/prop-types-15.6.1.tgz",
      "integrity": "sha512-4ec7bY1Y66LymSUOH/zARVYObB23AT2h8cf6e/O6ZALB/N0sqZFEx7rq6EYPX2MkOdKORuooI/H5k9TlR4q7kQ==",
      "requires": {
        "fbjs": "0.8.16",
        "loose-envify": "1.3.1",
        "object-assign": "4.1.1"
      }
    },
    "raf": {
      "version": "3.4.0",
      "resolved": "https://registry.npmjs.org/raf/-/raf-3.4.0.tgz",
      "integrity": "sha512-pDP/NMRAXoTfrhCfyfSEwJAKLaxBU9eApMeBPB1TkDouZmvPerIClV8lTAd+uF8ZiTaVl69e1FCxQrAd/VTjGw==",
      "requires": {
        "performance-now": "2.1.0"
      }
    },
    "rc-align": {
      "version": "2.3.6",
      "resolved": "https://registry.npmjs.org/rc-align/-/rc-align-2.3.6.tgz",
      "integrity": "sha512-sB9HpuyMZg5Yy+iIkraPv7/5uaMdUVpfitGFO5aOKKFE/rcEpWunaZdYjvTpPBHUsBrrEn/7qs/klD1YQPIQhA==",
      "requires": {
        "babel-runtime": "6.26.0",
        "dom-align": "1.6.7",
        "prop-types": "15.6.1",
        "rc-util": "4.5.0",
        "shallowequal": "1.0.2"
      },
      "dependencies": {
        "shallowequal": {
          "version": "1.0.2",
          "resolved": "https://registry.npmjs.org/shallowequal/-/shallowequal-1.0.2.tgz",
          "integrity": "sha512-zlVXeVUKvo+HEv1e2KQF/csyeMKx2oHvatQ9l6XjCUj3agvC8XGf6R9HvIPDSmp8FNPvx7b5kaEJTRi7CqxtEw=="
        }
      }
    },
    "rc-animate": {
      "version": "2.4.4",
      "resolved": "https://registry.npmjs.org/rc-animate/-/rc-animate-2.4.4.tgz",
      "integrity": "sha512-DjJLTUQj7XKKcuS8cczN0uOLfuSmgrVXFGieP1SZc87xUUTFGh8B/KjNmEtlfvxkSrSuVfb2rrEPER4SqKUtEA==",
      "requires": {
        "babel-runtime": "6.26.0",
        "css-animation": "1.4.1",
        "prop-types": "15.6.1"
      }
    },
    "rc-checkbox": {
      "version": "2.0.3",
      "resolved": "https://registry.npmjs.org/rc-checkbox/-/rc-checkbox-2.0.3.tgz",
      "integrity": "sha1-Q2qdUIlI4iSYDwU16nOLSBd6jyU=",
      "requires": {
        "babel-runtime": "6.26.0",
        "classnames": "2.2.5",
        "prop-types": "15.6.1",
        "rc-util": "4.5.0"
      }
    },
    "rc-collapse": {
      "version": "1.7.7",
      "resolved": "https://registry.npmjs.org/rc-collapse/-/rc-collapse-1.7.7.tgz",
      "integrity": "sha512-F9eWCcFtwb/H7ot1e/Z9CamVM1bQ0GaTx3Agkle6LrhrcPxuWTH00dldmtk0HelCBK43TyhTWoHEFB5S4biPLA==",
      "requires": {
        "classnames": "2.2.5",
        "css-animation": "1.4.1",
        "prop-types": "15.6.1",
        "rc-animate": "2.4.4"
      }
    },
    "rc-drawer": {
      "version": "0.4.11",
      "resolved": "https://registry.npmjs.org/rc-drawer/-/rc-drawer-0.4.11.tgz",
      "integrity": "sha1-lPquwoGDq5DxNfDf4kTcoUz+55k=",
      "requires": {
        "babel-runtime": "6.26.0",
        "classnames": "2.2.5",
        "prop-types": "15.6.1"
      }
    },
    "rc-gesture": {
      "version": "0.0.15",
      "resolved": "https://registry.npmjs.org/rc-gesture/-/rc-gesture-0.0.15.tgz",
      "integrity": "sha512-HGXQsON97ADTALWssNoV7kY9LrMqUekR9OQ5b0mj3np516ECIWlnQLSVePddrq8k9P4FLHqe9M/vjNKbHcje2w==",
      "requires": {
        "babel-runtime": "6.26.0"
      }
    },
    "rc-slider": {
      "version": "8.2.0",
      "resolved": "https://registry.npmjs.org/rc-slider/-/rc-slider-8.2.0.tgz",
      "integrity": "sha1-rjfRcUTK1g4dpurA7k/8/qCwpug=",
      "requires": {
        "babel-runtime": "6.26.0",
        "classnames": "2.2.5",
        "prop-types": "15.6.1",
        "rc-tooltip": "3.7.2",
        "rc-util": "4.5.0",
        "shallowequal": "1.0.2",
        "warning": "3.0.0"
      },
      "dependencies": {
        "shallowequal": {
          "version": "1.0.2",
          "resolved": "https://registry.npmjs.org/shallowequal/-/shallowequal-1.0.2.tgz",
          "integrity": "sha512-zlVXeVUKvo+HEv1e2KQF/csyeMKx2oHvatQ9l6XjCUj3agvC8XGf6R9HvIPDSmp8FNPvx7b5kaEJTRi7CqxtEw=="
        }
      }
    },
    "rc-swipeout": {
      "version": "2.0.4",
      "resolved": "https://registry.npmjs.org/rc-swipeout/-/rc-swipeout-2.0.4.tgz",
      "integrity": "sha512-feYCvxn8cjJmnyy79LpUfOkNTAW92vuyJjUINGz08R6lyhWUroFJBPwuMLgEG81u/3xWFJL3pCkBSazKi7HMKg==",
      "requires": {
        "babel-runtime": "6.26.0",
        "classnames": "2.2.5",
        "rc-gesture": "0.0.15",
        "react-native-swipeout": "2.3.3"
      }
    },
    "rc-tooltip": {
      "version": "3.7.2",
      "resolved": "https://registry.npmjs.org/rc-tooltip/-/rc-tooltip-3.7.2.tgz",
      "integrity": "sha512-vsF29ohlfgr7lEP12aJ5j4U/4hzqSBYjWQo8I09re+q95v1o4nDjH1q/B3qFkf9aml2FbgdkJw9KYz/zXUgApA==",
      "requires": {
        "babel-runtime": "6.26.0",
        "prop-types": "15.6.1",
        "rc-trigger": "2.3.4"
      }
    },
    "rc-trigger": {
      "version": "2.3.4",
      "resolved": "https://registry.npmjs.org/rc-trigger/-/rc-trigger-2.3.4.tgz",
      "integrity": "sha512-xPhda3SfGWHywEbVJu2VxpWg99ELStzNPcdnxb7lZ9XwUnHjUeX9KCaIbJa9GUuoVHx3mQP1s2m3ttIB8aashQ==",
      "requires": {
        "babel-runtime": "6.26.0",
        "prop-types": "15.6.1",
        "rc-align": "2.3.6",
        "rc-animate": "2.4.4",
        "rc-util": "4.5.0"
      }
    },
    "rc-util": {
      "version": "4.5.0",
      "resolved": "https://registry.npmjs.org/rc-util/-/rc-util-4.5.0.tgz",
      "integrity": "sha512-KYuFBBqxCFI8fb4Wva+X3fmAZpGPo4i9gTNdsVKldHVi3hrnv3VawF89CPndxfsV5QT3J+ic76X5c4erQETi1w==",
      "requires": {
        "add-dom-event-listener": "1.0.2",
        "babel-runtime": "6.26.0",
        "prop-types": "15.6.1",
        "shallowequal": "0.2.2"
      }
    },
    "react-native-camera-roll-picker": {
      "version": "1.2.3",
      "resolved": "https://registry.npmjs.org/react-native-camera-roll-picker/-/react-native-camera-roll-picker-1.2.3.tgz",
      "integrity": "sha1-sRf9OiuQEtzM7hJhqbxCcia41tI="
    },
    "react-native-collapsible": {
      "version": "0.9.0",
      "resolved": "https://registry.npmjs.org/react-native-collapsible/-/react-native-collapsible-0.9.0.tgz",
      "integrity": "sha512-AD0OcjrhOgj0/XoaDK5O3RKqfVRUdGi/MNqt1UsnFCEi+qaXci26YNBWBQq7tybBWaqVn5zRLVHJjQBNy4hmWg==",
      "requires": {
        "prop-types": "15.6.1"
      }
    },
    "react-native-dismiss-keyboard": {
      "version": "1.0.0",
      "resolved": "https://registry.npmjs.org/react-native-dismiss-keyboard/-/react-native-dismiss-keyboard-1.0.0.tgz",
      "integrity": "sha1-MohiQrPyMX4SHzrrmwpYXiuHm0k="
    },
    "react-native-drawer-layout": {
      "version": "1.3.2",
      "resolved": "https://registry.npmjs.org/react-native-drawer-layout/-/react-native-drawer-layout-1.3.2.tgz",
      "integrity": "sha512-fjO0scqbJUfNu2wuEpvywL7DYLXuCXJ2W/zYhWz986rdLytidbys1QGVvkaszHrb4Y7OqO96mTkgpOcP8KWevw==",
      "requires": {
        "react-native-dismiss-keyboard": "1.0.0"
      }
    },
    "react-native-menu": {
      "version": "0.23.0",
      "resolved": "https://registry.npmjs.org/react-native-menu/-/react-native-menu-0.23.0.tgz",
      "integrity": "sha1-PAIyOa7ZXUGSdd9QwZmYKtfrBis=",
      "requires": {
        "create-react-class": "15.6.3",
        "prop-types": "15.6.1",
        "react-timer-mixin": "0.13.3"
      }
    },
    "react-native-swipeout": {
      "version": "2.3.3",
      "resolved": "https://registry.npmjs.org/react-native-swipeout/-/react-native-swipeout-2.3.3.tgz",
      "integrity": "sha512-q8cC30peGBH6m5rPG7PvJ4fQFxFMixzCdjeg/4DqwP66R8B2fxXtzWhV7XbOouS6O4VaXZdQDFKDwizma44fjg==",
      "requires": {
        "create-react-class": "15.6.3",
        "prop-types": "15.6.1",
        "react-tween-state": "0.1.5"
      }
    },
    "react-timer-mixin": {
      "version": "0.13.3",
      "resolved": "https://registry.npmjs.org/react-timer-mixin/-/react-timer-mixin-0.13.3.tgz",
      "integrity": "sha1-Dai5+AfsB9w+hU0ILHN8ZWBbPSI="
    },
    "react-tween-state": {
      "version": "0.1.5",
      "resolved": "https://registry.npmjs.org/react-tween-state/-/react-tween-state-0.1.5.tgz",
      "integrity": "sha1-6YsGZVHvuTy5LdG+FJlcLj3q4zk=",
      "requires": {
        "raf": "3.4.0",
        "tween-functions": "1.2.0"
      }
    },
    "regenerator-runtime": {
      "version": "0.11.1",
      "resolved": "https://registry.npmjs.org/regenerator-runtime/-/regenerator-runtime-0.11.1.tgz",
      "integrity": "sha512-MguG95oij0fC3QV3URf4V2SDYGJhJnJGqvIIgdECeODCT98wSWDAJ94SSuVpYQUoTcGUIL6L4yNB7j1DFFHSBg=="
    },
    "rmc-align": {
      "version": "1.0.0",
      "resolved": "https://registry.npmjs.org/rmc-align/-/rmc-align-1.0.0.tgz",
      "integrity": "sha512-3gEa5/+hqqoEVoeQ25KoRc8DOsXIdSaVpaBq1zQFaV941LR3xvZIRTlxTDT/IagYwoGM1KZea/jd7cNMYP34Rg==",
      "requires": {
        "babel-runtime": "6.26.0",
        "dom-align": "1.6.7",
        "rc-util": "4.5.0"
      }
    },
    "rmc-calendar": {
      "version": "1.1.3",
      "resolved": "https://registry.npmjs.org/rmc-calendar/-/rmc-calendar-1.1.3.tgz",
      "integrity": "sha512-bkk60khnigWUj6Xk2yOiNBFu478Re+jY5adxH521rC3AX5BogPu2xm8XtEmH2WE/1f8FJnpXDWqLHNjpEOohAQ==",
      "requires": {
        "babel-runtime": "6.26.0",
        "rc-animate": "2.4.4",
        "rmc-date-picker": "6.0.6"
      }
    },
    "rmc-cascader": {
      "version": "5.0.0",
      "resolved": "https://registry.npmjs.org/rmc-cascader/-/rmc-cascader-5.0.0.tgz",
      "integrity": "sha512-e/4JlrBTO1BFdT+vexcyJ38Z2xKO0S2voxzV7CCVbKfpR48QW3UwzY3MyzFe6j2uIncj8gyhxWwczpvLMeGEpg==",
      "requires": {
        "array-tree-filter": "1.0.1",
        "babel-runtime": "6.26.0",
        "rmc-picker": "5.0.4"
      },
      "dependencies": {
        "array-tree-filter": {
          "version": "1.0.1",
          "resolved": "https://registry.npmjs.org/array-tree-filter/-/array-tree-filter-1.0.1.tgz",
          "integrity": "sha1-CorR7v04zoiFhjL5zAQj12NOTV0="
        }
      }
    },
    "rmc-date-picker": {
      "version": "6.0.6",
      "resolved": "https://registry.npmjs.org/rmc-date-picker/-/rmc-date-picker-6.0.6.tgz",
      "integrity": "sha512-wrxiSxvaofMsLyIjXwc9ZU5o1IxzG7jpsTOCQJthf3DEyEUsPmOYHgJ4k+pguBUyzDIjcbJRp01gMGPSzp2XxQ==",
      "requires": {
        "babel-runtime": "6.26.0",
        "rmc-picker": "5.0.4"
      }
    },
    "rmc-dialog": {
      "version": "1.0.6",
      "resolved": "https://registry.npmjs.org/rmc-dialog/-/rmc-dialog-1.0.6.tgz",
      "integrity": "sha512-RQ+vNpnNVtysIqWtVxGMHABIQKmqfXoZS901OLbBsQp/IdBjX6RVPUFNf6y6BsZL0WmnWkAFr2baGIY+57iNVw==",
      "requires": {
        "babel-runtime": "6.26.0",
        "rc-animate": "2.4.4"
      }
    },
    "rmc-feedback": {
      "version": "1.0.4",
      "resolved": "https://registry.npmjs.org/rmc-feedback/-/rmc-feedback-1.0.4.tgz",
      "integrity": "sha512-cRrywsfsQlw92Uz7qKzBxtyO1w0GWcP5yy/S8sec/6mIUdCn86olQuhBMHxpIpHGcEIJ+J9lBjl3DOrBD0Plrw==",
      "requires": {
        "babel-runtime": "6.26.0",
        "classnames": "2.2.5"
      }
    },
    "rmc-input-number": {
      "version": "1.0.4",
      "resolved": "https://registry.npmjs.org/rmc-input-number/-/rmc-input-number-1.0.4.tgz",
      "integrity": "sha512-iFXWd6mW6DxHp8a/a30gAnv75BXvbvBDbsBkOY9kKKPxyzikirUFQoIO57FvU+3UngjfL6wfuNE+rN+C7NqwoA==",
      "requires": {
        "babel-runtime": "6.26.0",
        "classnames": "2.2.5",
        "rmc-feedback": "1.0.4"
      }
    },
    "rmc-list-view": {
      "version": "0.11.5",
      "resolved": "https://registry.npmjs.org/rmc-list-view/-/rmc-list-view-0.11.5.tgz",
      "integrity": "sha512-eMOC5394tLNawcdEEhF7boMpQgpjJGDdL5lS+LblAWdBec7Q4EYkUdnrKNbt+O9k5RGM6nSLAGZK5oB4FN85Lg==",
      "requires": {
        "babel-runtime": "6.26.0",
        "classnames": "2.2.5",
        "fbjs": "0.8.16",
        "prop-types": "15.6.1",
        "warning": "3.0.0",
        "zscroller": "0.4.7"
      }
    },
    "rmc-notification": {
      "version": "1.0.0",
      "resolved": "https://registry.npmjs.org/rmc-notification/-/rmc-notification-1.0.0.tgz",
      "integrity": "sha512-9sPxjltFvtRLt2v312Hu7OXwk53pHkBYgINRDmnJ3A5NF1qtJeCCcdN0Xr0fzJ6sbQvtGju822tWHdzYA9u7Vw==",
      "requires": {
        "babel-runtime": "6.26.0",
        "classnames": "2.2.5",
        "prop-types": "15.6.1",
        "rc-animate": "2.4.4",
        "rc-util": "4.5.0"
      }
    },
    "rmc-nuka-carousel": {
      "version": "3.0.1",
      "resolved": "https://registry.npmjs.org/rmc-nuka-carousel/-/rmc-nuka-carousel-3.0.1.tgz",
      "integrity": "sha512-w2EPTERMUUZqcUSKFuejjin7xsMlhrLrtS0A/igTXpFJGq3kemDKcRi7q3pSYDuZBHYBl5iV4UqsLLkjdFtrYA==",
      "requires": {
        "exenv": "1.2.2",
        "raf": "3.4.0"
      }
    },
    "rmc-picker": {
      "version": "5.0.4",
      "resolved": "https://registry.npmjs.org/rmc-picker/-/rmc-picker-5.0.4.tgz",
      "integrity": "sha512-a8pQ8jj77/NUYSAOP3Ywp50IOZp4vKueG+OnSDxRQ41/jR669uZ68FCRzmwN9/scE7yvCENJJqsY9E2wg+vDVA==",
      "requires": {
        "babel-runtime": "6.26.0",
        "classnames": "2.2.5",
        "rmc-dialog": "1.0.6",
        "rmc-feedback": "1.0.4"
      }
    },
    "rmc-pull-to-refresh": {
      "version": "1.0.7",
      "resolved": "https://registry.npmjs.org/rmc-pull-to-refresh/-/rmc-pull-to-refresh-1.0.7.tgz",
      "integrity": "sha512-LnwlXjCLPlgoEEK3vrvwvvdtoiL+nT9IVpgzEwxtBlyo5wE6a++yoO0Pb4crhInkh7EPmNFtUyyzHZwQ3RdcRA==",
      "requires": {
        "babel-runtime": "6.26.0",
        "classnames": "2.2.5"
      }
    },
    "rmc-steps": {
      "version": "1.0.0",
      "resolved": "https://registry.npmjs.org/rmc-steps/-/rmc-steps-1.0.0.tgz",
      "integrity": "sha512-VuQEPC2P4PQ7DdZDCIbGfFTfzzTwLAyey+fSJUolc4qheIE7bN4oogH2xDZurM2TTpAQHg2aMMv4E6JYyVbUqA==",
      "requires": {
        "babel-runtime": "6.26.0",
        "classnames": "2.2.5"
      }
    },
    "rmc-tabs": {
      "version": "1.2.25",
      "resolved": "https://registry.npmjs.org/rmc-tabs/-/rmc-tabs-1.2.25.tgz",
      "integrity": "sha512-sB862Tg1UZFtWWOkPFDQVAzx3WYAZwfRsHx0wZ+BrntzkIC+WKEDGpFhhh5G9JqOpdzFJ1eImLeGZ7i6YJ8iKQ==",
      "requires": {
        "babel-runtime": "6.26.0",
        "rc-gesture": "0.0.15"
      }
    },
    "rmc-tooltip": {
      "version": "1.0.1",
      "resolved": "https://registry.npmjs.org/rmc-tooltip/-/rmc-tooltip-1.0.1.tgz",
      "integrity": "sha512-fSDArf2BlMVrHExmBiqb2TkCRJHshvXFJQ/7tMraLellwaJLNiwrxtWpW329k3S+zTtoVG8UxFS1TjBGEsMzRg==",
      "requires": {
        "babel-runtime": "6.26.0",
        "rmc-trigger": "1.0.9"
      }
    },
    "rmc-trigger": {
      "version": "1.0.9",
      "resolved": "https://registry.npmjs.org/rmc-trigger/-/rmc-trigger-1.0.9.tgz",
      "integrity": "sha512-rZcgt8xx8P90brIKByMNH9ptoSzMKLmQvVw2QAw+OJkHaEODNGYAUFzJRkNhoYU9osfWGDwI3LsSvAZq1HibwA==",
      "requires": {
        "babel-runtime": "6.26.0",
        "rc-animate": "2.4.4",
        "rc-util": "4.5.0",
        "rmc-align": "1.0.0"
      }
    },
    "rn-topview": {
      "version": "0.1.6",
      "resolved": "https://registry.npmjs.org/rn-topview/-/rn-topview-0.1.6.tgz",
      "integrity": "sha512-Dq9/Acbj5R9w9hK05+CiZ2Y4ZPE+6ih3EodBc+Kde9oYWeG/IDPxWuRygyAQDyXnnieRyRqrzCbuQ6L8ib31IA=="
    },
    "safer-buffer": {
      "version": "2.1.2",
      "resolved": "https://registry.npmjs.org/safer-buffer/-/safer-buffer-2.1.2.tgz",
      "integrity": "sha512-YZo3K82SD7Riyi0E1EQPojLz7kpepnSQI9IyPbHHg1XXXevb5dJI7tpyN2ADxGcQbHG7vcyRHk0cbwqcQriUtg=="
    },
    "setimmediate": {
      "version": "1.0.5",
      "resolved": "https://registry.npmjs.org/setimmediate/-/setimmediate-1.0.5.tgz",
      "integrity": "sha1-KQy7Iy4waULX1+qbg3Mqt4VvgoU="
    },
    "shallowequal": {
      "version": "0.2.2",
      "resolved": "https://registry.npmjs.org/shallowequal/-/shallowequal-0.2.2.tgz",
      "integrity": "sha1-HjL9W8q2rWiKSBLLDMBO/HXHAU4=",
      "requires": {
        "lodash.keys": "3.1.2"
      }
    },
    "to-fast-properties": {
      "version": "2.0.0",
      "resolved": "https://registry.npmjs.org/to-fast-properties/-/to-fast-properties-2.0.0.tgz",
      "integrity": "sha1-3F5pjL0HkmW8c+A3doGk5Og/YW4=",
      "dev": true
    },
    "tween-functions": {
      "version": "1.2.0",
      "resolved": "https://registry.npmjs.org/tween-functions/-/tween-functions-1.2.0.tgz",
      "integrity": "sha1-GuOlDnxguz3vd06scHrLynO7w/8="
    },
    "ua-parser-js": {
      "version": "0.7.17",
      "resolved": "https://registry.npmjs.org/ua-parser-js/-/ua-parser-js-0.7.17.tgz",
      "integrity": "sha512-uRdSdu1oA1rncCQL7sCj8vSyZkgtL7faaw9Tc9rZ3mGgraQ7+Pdx7w5mnOSF3gw9ZNG6oc+KXfkon3bKuROm0g=="
    },
    "warning": {
      "version": "3.0.0",
      "resolved": "https://registry.npmjs.org/warning/-/warning-3.0.0.tgz",
      "integrity": "sha1-MuU3fLVy3kqwR1O9+IIcAe1gW3w=",
      "requires": {
        "loose-envify": "1.3.1"
      }
    },
    "whatwg-fetch": {
      "version": "2.0.4",
      "resolved": "https://registry.npmjs.org/whatwg-fetch/-/whatwg-fetch-2.0.4.tgz",
      "integrity": "sha512-dcQ1GWpOD/eEQ97k66aiEVpNnapVj90/+R+SXTPYGHpYBBypfKJEQjLrvMZ7YXbKm21gXd4NcuxUTjiv1YtLng=="
    },
    "zscroller": {
      "version": "0.4.7",
      "resolved": "https://registry.npmjs.org/zscroller/-/zscroller-0.4.7.tgz",
      "integrity": "sha1-OVbm59+1F1BY3w2pq65uSDQIj4o=",
      "requires": {
        "babel-runtime": "6.26.0"
      }
    }
  }
}
